
Microsoft Visual Studio Solution File, Format Version 12.00
# Visual Studio Version 17
VisualStudioVersion = 17.9.34622.214
MinimumVisualStudioVersion = 10.0.40219.1
Project("{9A19103F-16F7-4668-BE54-9A1E7A4F7556}") = "DevicesHub.Infrastructure", "DevicesHub.Infrastructure\DevicesHub.Infrastructure.csproj", "{F6C19F33-095B-4E42-99B5-420E1C89DE36}"
EndProject
Project("{9A19103F-16F7-4668-BE54-9A1E7A4F7556}") = "DevicesHub.Domain", "DevicesHub.Domain\DevicesHub.Domain.csproj", "{C198D4A8-98BA-47DE-88F9-175356F7C814}"
EndProject
Project("{9A19103F-16F7-4668-BE54-9A1E7A4F7556}") = "DevicesHub.Application", "DevicesHub.Application\DevicesHub.Application.csproj", "{618AC804-DB69-4449-B897-E2DD36EF2C0B}"
EndProject
Project("{FAE04EC0-301F-11D3-BF4B-00C04F79EFBC}") = "DevicesHub.Web", "DevicesHub.Web\DevicesHub.Web.csproj", "{4A666850-B3FC-4DEB-A7D2-CE737317A108}"
EndProject
Global
	GlobalSection(SolutionConfigurationPlatforms) = preSolution
		Debug|Any CPU = Debug|Any CPU
		Release|Any CPU = Release|Any CPU
	EndGlobalSection
	GlobalSection(ProjectConfigurationPlatforms) = postSolution
		{F6C19F33-095B-4E42-99B5-420E1C89DE36}.Debug|Any CPU.ActiveCfg = Debug|Any CPU
		{F6C19F33-095B-4E42-99B5-420E1C89DE36}.Debug|Any CPU.Build.0 = Debug|Any CPU
		{F6C19F33-095B-4E42-99B5-420E1C89DE36}.Release|Any CPU.ActiveCfg = Release|Any CPU
		{F6C19F33-095B-4E42-99B5-420E1C89DE36}.Release|Any CPU.Build.0 = Release|Any CPU
		{C198D4A8-98BA-47DE-88F9-175356F7C814}.Debug|Any CPU.ActiveCfg = Debug|Any CPU
		{C198D4A8-98BA-47DE-88F9-175356F7C814}.Debug|Any CPU.Build.0 = Debug|Any CPU
		{C198D4A8-98BA-47DE-88F9-175356F7C814}.Release|Any CPU.ActiveCfg = Release|Any CPU
		{C198D4A8-98BA-47DE-88F9-175356F7C814}.Release|Any CPU.Build.0 = Release|Any CPU
		{618AC804-DB69-4449-B897-E2DD36EF2C0B}.Debug|Any CPU.ActiveCfg = Debug|Any CPU
		{618AC804-DB69-4449-B897-E2DD36EF2C0B}.Debug|Any CPU.Build.0 = Debug|Any CPU
		{618AC804-DB69-4449-B897-E2DD36EF2C0B}.Release|Any CPU.ActiveCfg = Release|Any CPU
		{618AC804-DB69-4449-B897-E2DD36EF2C0B}.Release|Any CPU.Build.0 = Release|Any CPU
		{4A666850-B3FC-4DEB-A7D2-CE737317A108}.Debug|Any CPU.ActiveCfg = Debug|Any CPU
		{4A666850-B3FC-4DEB-A7D2-CE737317A108}.Debug|Any CPU.Build.0 = Debug|Any CPU
		{4A666850-B3FC-4DEB-A7D2-CE737317A108}.Release|Any CPU.ActiveCfg = Release|Any CPU
		{4A666850-B3FC-4DEB-A7D2-CE737317A108}.Release|Any CPU.Build.0 = Release|Any CPU
	EndGlobalSection
	GlobalSection(SolutionProperties) = preSolution
		HideSolutionNode = FALSE
	EndGlobalSection
	GlobalSection(ExtensibilityGlobals) = postSolution
		SolutionGuid = {24DFC2A1-E3EF-4BA6-BB23-D05E8BD86237}
	EndGlobalSection
EndGlobal
